
Microsoft Visual Studio Solution File, Format Version 12.00
# Visual Studio 15
VisualStudioVersion = 15.0.27703.2035
MinimumVisualStudioVersion = 10.0.40219.1
Project("{151D2E53-A2C4-4D7D-83FE-D05416EBD58E}") = "GatewayDeploymentProject", "GatewayDeploymentProject.deployproj", "{660BECD8-F72E-4E92-BACC-0647F6F60DF8}"
EndProject
Global
	GlobalSection(SolutionConfigurationPlatforms) = preSolution
		Debug|Any CPU = Debug|Any CPU
		Release|Any CPU = Release|Any CPU
	EndGlobalSection
	GlobalSection(ProjectConfigurationPlatforms) = postSolution
		{660BECD8-F72E-4E92-BACC-0647F6F60DF8}.Debug|Any CPU.ActiveCfg = Debug|Any CPU
		{660BECD8-F72E-4E92-BACC-0647F6F60DF8}.Debug|Any CPU.Build.0 = Debug|Any CPU
		{660BECD8-F72E-4E92-BACC-0647F6F60DF8}.Release|Any CPU.ActiveCfg = Release|Any CPU
		{660BECD8-F72E-4E92-BACC-0647F6F60DF8}.Release|Any CPU.Build.0 = Release|Any CPU
	EndGlobalSection
	GlobalSection(SolutionProperties) = preSolution
		HideSolutionNode = FALSE
	EndGlobalSection
	GlobalSection(ExtensibilityGlobals) = postSolution
		SolutionGuid = {18ABDFD2-92C7-45B9-B389-2EA64BAA9B19}
	EndGlobalSection
EndGlobal
